github.com/vladnpr/textAnimator v0.0.1 h1:dqiPw9UMtGPdJZBEeTQ2r/kEq1ynFeuYN1G3vXFi0ks=
github.com/vladnpr/textAnimator v0.0.1/go.mod h1:N83PWe4glAP2MjxJekCcoAJNdYKAdlg0NakrcnIJT1Q=
github.com/vladnpr/textAnimator v0.0.2 h1:dtE4hrJ4oPQizZ0TabgC/JCVkZIa2ZysuCHbIADm4wY=
github.com/vladnpr/textAnimator v0.0.2/go.mod h1:N83PWe4glAP2MjxJekCcoAJNdYKAdlg0NakrcnIJT1Q=
